
Microsoft Visual Studio Solution File, Format Version 12.00
# Visual Studio 15
Project("{FAE04EC0-301F-11D3-BF4B-00C04F79EFBC}") = "Assembly-CSharp", "Assembly-CSharp.csproj", "{DC656203-CE5B-7CE3-EF1E-0EE59870F15F}"
EndProject
Project("{FAE04EC0-301F-11D3-BF4B-00C04F79EFBC}") = "Assembly-CSharp-Editor", "Assembly-CSharp-Editor.csproj", "{A5B052D5-4EC8-9BC5-59A8-FEFC00FA5873}"
EndProject
Global
	GlobalSection(SolutionConfigurationPlatforms) = preSolution
		Debug|Any CPU = Debug|Any CPU
		Release|Any CPU = Release|Any CPU
	EndGlobalSection
	GlobalSection(ProjectConfigurationPlatforms) = postSolution
		{DC656203-CE5B-7CE3-EF1E-0EE59870F15F}.Debug|Any CPU.ActiveCfg = Debug|Any CPU
		{DC656203-CE5B-7CE3-EF1E-0EE59870F15F}.Debug|Any CPU.Build.0 = Debug|Any CPU
		{DC656203-CE5B-7CE3-EF1E-0EE59870F15F}.Release|Any CPU.ActiveCfg = Release|Any CPU
		{DC656203-CE5B-7CE3-EF1E-0EE59870F15F}.Release|Any CPU.Build.0 = Release|Any CPU
		{A5B052D5-4EC8-9BC5-59A8-FEFC00FA5873}.Debug|Any CPU.ActiveCfg = Debug|Any CPU
		{A5B052D5-4EC8-9BC5-59A8-FEFC00FA5873}.Debug|Any CPU.Build.0 = Debug|Any CPU
		{A5B052D5-4EC8-9BC5-59A8-FEFC00FA5873}.Release|Any CPU.ActiveCfg = Release|Any CPU
		{A5B052D5-4EC8-9BC5-59A8-FEFC00FA5873}.Release|Any CPU.Build.0 = Release|Any CPU
	EndGlobalSection
	GlobalSection(SolutionProperties) = preSolution
		HideSolutionNode = FALSE
	EndGlobalSection
EndGlobal
